
Microsoft Visual Studio Solution File, Format Version 12.00
# Visual Studio Version 17
VisualStudioVersion = 17.10.35027.167
MinimumVisualStudioVersion = 10.0.40219.1
Project("{9A19103F-16F7-4668-BE54-9A1E7A4F7556}") = "CodereTecnicalTest.Api", "CodereTecnicalTest.Api\CodereTecnicalTest.Api.csproj", "{028F269A-5FFA-44C7-869E-5BBB1D314424}"
EndProject
Project("{9A19103F-16F7-4668-BE54-9A1E7A4F7556}") = "CodereTecnicalTest.Domain", "CodereTecnicalTest.Domain\CodereTecnicalTest.Domain.csproj", "{4851C5FF-344B-42B9-8E3C-1CE6B4B7B07A}"
EndProject
Project("{9A19103F-16F7-4668-BE54-9A1E7A4F7556}") = "CodereTecnicalTest.Infrastructure", "CodereTecnicalTest.Infrastructure\CodereTecnicalTest.Infrastructure.csproj", "{15E8345E-6C5A-42EC-912B-B1B99BB0C855}"
EndProject
Project("{9A19103F-16F7-4668-BE54-9A1E7A4F7556}") = "CodereTecnicalTest.Application", "CodereTecnicalTest.Application\CodereTecnicalTest.Application.csproj", "{FB13E2AE-A048-4E6A-B1A5-1568AE425F00}"
EndProject
Project("{2150E333-8FDC-42A3-9474-1A3956D46DE8}") = "src", "src", "{FD87E6C3-880B-436D-B712-8BDE9139A3A4}"
EndProject
Project("{2150E333-8FDC-42A3-9474-1A3956D46DE8}") = "tests", "tests", "{72E3CC5D-420D-476B-A966-BD1E7DA471C7}"
EndProject
Project("{9A19103F-16F7-4668-BE54-9A1E7A4F7556}") = "CodereTecnicalTest.Test.Unit", "CodereTecnicalTest.Test.Unit\CodereTecnicalTest.Test.Unit.csproj", "{7F80A71B-6292-456B-931B-6C5C1384FD6F}"
EndProject
Project("{9A19103F-16F7-4668-BE54-9A1E7A4F7556}") = "CodereTecnicalTest.Test.Integration", "CodereTecnicalTest.Test.Integration\CodereTecnicalTest.Test.Integration.csproj", "{039A51BC-A7F8-43B9-B3D1-24B17A580ACB}"
EndProject
Global
	GlobalSection(SolutionConfigurationPlatforms) = preSolution
		Debug|Any CPU = Debug|Any CPU
		Release|Any CPU = Release|Any CPU
	EndGlobalSection
	GlobalSection(ProjectConfigurationPlatforms) = postSolution
		{028F269A-5FFA-44C7-869E-5BBB1D314424}.Debug|Any CPU.ActiveCfg = Debug|Any CPU
		{028F269A-5FFA-44C7-869E-5BBB1D314424}.Debug|Any CPU.Build.0 = Debug|Any CPU
		{028F269A-5FFA-44C7-869E-5BBB1D314424}.Release|Any CPU.ActiveCfg = Release|Any CPU
		{028F269A-5FFA-44C7-869E-5BBB1D314424}.Release|Any CPU.Build.0 = Release|Any CPU
		{4851C5FF-344B-42B9-8E3C-1CE6B4B7B07A}.Debug|Any CPU.ActiveCfg = Debug|Any CPU
		{4851C5FF-344B-42B9-8E3C-1CE6B4B7B07A}.Debug|Any CPU.Build.0 = Debug|Any CPU
		{4851C5FF-344B-42B9-8E3C-1CE6B4B7B07A}.Release|Any CPU.ActiveCfg = Release|Any CPU
		{4851C5FF-344B-42B9-8E3C-1CE6B4B7B07A}.Release|Any CPU.Build.0 = Release|Any CPU
		{15E8345E-6C5A-42EC-912B-B1B99BB0C855}.Debug|Any CPU.ActiveCfg = Debug|Any CPU
		{15E8345E-6C5A-42EC-912B-B1B99BB0C855}.Debug|Any CPU.Build.0 = Debug|Any CPU
		{15E8345E-6C5A-42EC-912B-B1B99BB0C855}.Release|Any CPU.ActiveCfg = Release|Any CPU
		{15E8345E-6C5A-42EC-912B-B1B99BB0C855}.Release|Any CPU.Build.0 = Release|Any CPU
		{FB13E2AE-A048-4E6A-B1A5-1568AE425F00}.Debug|Any CPU.ActiveCfg = Debug|Any CPU
		{FB13E2AE-A048-4E6A-B1A5-1568AE425F00}.Debug|Any CPU.Build.0 = Debug|Any CPU
		{FB13E2AE-A048-4E6A-B1A5-1568AE425F00}.Release|Any CPU.ActiveCfg = Release|Any CPU
		{FB13E2AE-A048-4E6A-B1A5-1568AE425F00}.Release|Any CPU.Build.0 = Release|Any CPU
		{7F80A71B-6292-456B-931B-6C5C1384FD6F}.Debug|Any CPU.ActiveCfg = Debug|Any CPU
		{7F80A71B-6292-456B-931B-6C5C1384FD6F}.Debug|Any CPU.Build.0 = Debug|Any CPU
		{7F80A71B-6292-456B-931B-6C5C1384FD6F}.Release|Any CPU.ActiveCfg = Release|Any CPU
		{7F80A71B-6292-456B-931B-6C5C1384FD6F}.Release|Any CPU.Build.0 = Release|Any CPU
		{039A51BC-A7F8-43B9-B3D1-24B17A580ACB}.Debug|Any CPU.ActiveCfg = Debug|Any CPU
		{039A51BC-A7F8-43B9-B3D1-24B17A580ACB}.Debug|Any CPU.Build.0 = Debug|Any CPU
		{039A51BC-A7F8-43B9-B3D1-24B17A580ACB}.Release|Any CPU.ActiveCfg = Release|Any CPU
		{039A51BC-A7F8-43B9-B3D1-24B17A580ACB}.Release|Any CPU.Build.0 = Release|Any CPU
	EndGlobalSection
	GlobalSection(SolutionProperties) = preSolution
		HideSolutionNode = FALSE
	EndGlobalSection
	GlobalSection(NestedProjects) = preSolution
		{028F269A-5FFA-44C7-869E-5BBB1D314424} = {FD87E6C3-880B-436D-B712-8BDE9139A3A4}
		{4851C5FF-344B-42B9-8E3C-1CE6B4B7B07A} = {FD87E6C3-880B-436D-B712-8BDE9139A3A4}
		{15E8345E-6C5A-42EC-912B-B1B99BB0C855} = {FD87E6C3-880B-436D-B712-8BDE9139A3A4}
		{FB13E2AE-A048-4E6A-B1A5-1568AE425F00} = {FD87E6C3-880B-436D-B712-8BDE9139A3A4}
		{7F80A71B-6292-456B-931B-6C5C1384FD6F} = {72E3CC5D-420D-476B-A966-BD1E7DA471C7}
		{039A51BC-A7F8-43B9-B3D1-24B17A580ACB} = {72E3CC5D-420D-476B-A966-BD1E7DA471C7}
	EndGlobalSection
	GlobalSection(ExtensibilityGlobals) = postSolution
		SolutionGuid = {DD11530A-A034-450B-8F93-BF8FDE2EF64E}
	EndGlobalSection
EndGlobal
